
Microsoft Visual Studio Solution File, Format Version 12.00
# Visual Studio 14
VisualStudioVersion = 14.0.25420.1
MinimumVisualStudioVersion = 10.0.40219.1
Project("{FAE04EC0-301F-11D3-BF4B-00C04F79EFBC}") = "CompressTools", "CompressTools\CompressTools.csproj", "{99F0786B-85B6-4A50-9378-3AADAD30CF13}"
EndProject
Project("{FAE04EC0-301F-11D3-BF4B-00C04F79EFBC}") = "LogDelete", "LogDelete\LogDelete.csproj", "{7F766D04-F086-4B3B-A70C-5AFA9A740781}"
EndProject
Project("{FAE04EC0-301F-11D3-BF4B-00C04F79EFBC}") = "MD5ComputeTool", "MD5ComputeTool\MD5ComputeTool.csproj", "{B69DADC3-9906-43E0-871B-8C1A63E45D05}"
EndProject
Global
	GlobalSection(SolutionConfigurationPlatforms) = preSolution
		Debug|Any CPU = Debug|Any CPU
		Release|Any CPU = Release|Any CPU
	EndGlobalSection
	GlobalSection(ProjectConfigurationPlatforms) = postSolution
		{99F0786B-85B6-4A50-9378-3AADAD30CF13}.Debug|Any CPU.ActiveCfg = Debug|Any CPU
		{99F0786B-85B6-4A50-9378-3AADAD30CF13}.Debug|Any CPU.Build.0 = Debug|Any CPU
		{99F0786B-85B6-4A50-9378-3AADAD30CF13}.Release|Any CPU.ActiveCfg = Release|Any CPU
		{99F0786B-85B6-4A50-9378-3AADAD30CF13}.Release|Any CPU.Build.0 = Release|Any CPU
		{7F766D04-F086-4B3B-A70C-5AFA9A740781}.Debug|Any CPU.ActiveCfg = Debug|Any CPU
		{7F766D04-F086-4B3B-A70C-5AFA9A740781}.Debug|Any CPU.Build.0 = Debug|Any CPU
		{7F766D04-F086-4B3B-A70C-5AFA9A740781}.Release|Any CPU.ActiveCfg = Release|Any CPU
		{7F766D04-F086-4B3B-A70C-5AFA9A740781}.Release|Any CPU.Build.0 = Release|Any CPU
		{B69DADC3-9906-43E0-871B-8C1A63E45D05}.Debug|Any CPU.ActiveCfg = Debug|Any CPU
		{B69DADC3-9906-43E0-871B-8C1A63E45D05}.Debug|Any CPU.Build.0 = Debug|Any CPU
		{B69DADC3-9906-43E0-871B-8C1A63E45D05}.Release|Any CPU.ActiveCfg = Release|Any CPU
		{B69DADC3-9906-43E0-871B-8C1A63E45D05}.Release|Any CPU.Build.0 = Release|Any CPU
	EndGlobalSection
	GlobalSection(SolutionProperties) = preSolution
		HideSolutionNode = FALSE
	EndGlobalSection
	GlobalSection(ExtensibilityGlobals) = postSolution
		SolutionGuid = {7371CFAB-2080-490B-B63C-6E3EC685DFE5}
	EndGlobalSection
EndGlobal
